// !$*UTF8*$!
{
	archiveVersion = 1;
	classes = {
	};
	objectVersion = 55;
	objects = {

/* Begin PBXBuildFile section */
		2A29C88B289A1537000052B1 /* banji.png in Resources */ = {isa = PBXBuildFile; fileRef = 2A29C889289A1537000052B1 /* banji.png */; };
		2A29C88C289A1537000052B1 /* chengji.png in Resources */ = {isa = PBXBuildFile; fileRef = 2A29C88A289A1537000052B1 /* chengji.png */; };
		2AE61BB028975F390092C944 /* AppDelegate.m in Sources */ = {isa = PBXBuildFile; fileRef = 2AE61BAF28975F390092C944 /* AppDelegate.m */; };
		2AE61BB328975F390092C944 /* SceneDelegate.m in Sources */ = {isa = PBXBuildFile; fileRef = 2AE61BB228975F390092C944 /* SceneDelegate.m */; };
		2AE61BB628975F390092C944 /* ViewController.m in Sources */ = {isa = PBXBuildFile; fileRef = 2AE61BB528975F390092C944 /* ViewController.m */; };
		2AE61BB928975F390092C944 /* Main.storyboard in Resources */ = {isa = PBXBuildFile; fileRef = 2AE61BB728975F390092C944 /* Main.storyboard */; };
		2AE61BBB28975F3B0092C944 /* Assets.xcassets in Resources */ = {isa = PBXBuildFile; fileRef = 2AE61BBA28975F3B0092C944 /* Assets.xcassets */; };
		2AE61BBE28975F3B0092C944 /* LaunchScreen.storyboard in Resources */ = {isa = PBXBuildFile; fileRef = 2AE61BBC28975F3B0092C944 /* LaunchScreen.storyboard */; };
		2AE61BC128975F3B0092C944 /* main.m in Sources */ = {isa = PBXBuildFile; fileRef = 2AE61BC028975F3B0092C944 /* main.m */; };
		2AE61BCB28975F3B0092C944 /* iOS_______Tests.m in Sources */ = {isa = PBXBuildFile; fileRef = 2AE61BCA28975F3B0092C944 /* iOS_______Tests.m */; };
		2AE61BD528975F3B0092C944 /* iOS_______UITests.m in Sources */ = {isa = PBXBuildFile; fileRef = 2AE61BD428975F3B0092C944 /* iOS_______UITests.m */; };
		2AE61BD728975F3B0092C944 /* iOS_______UITestsLaunchTests.m in Sources */ = {isa = PBXBuildFile; fileRef = 2AE61BD628975F3B0092C944 /* iOS_______UITestsLaunchTests.m */; };
		2AE61BE7289760B40092C944 /* back1.jpeg in Resources */ = {isa = PBXBuildFile; fileRef = 2AE61BE5289760B40092C944 /* back1.jpeg */; };
		2AE61BE8289760B40092C944 /* back2.jpeg in Resources */ = {isa = PBXBuildFile; fileRef = 2AE61BE6289760B40092C944 /* back2.jpeg */; };
		2AE61BEC289761230092C944 /* LoadingViewController.m in Sources */ = {isa = PBXBuildFile; fileRef = 2AE61BEB289761230092C944 /* LoadingViewController.m */; };
		2AE61BEF2897613E0092C944 /* RegisterViewController.m in Sources */ = {isa = PBXBuildFile; fileRef = 2AE61BEE2897613E0092C944 /* RegisterViewController.m */; };
		2AE61BF3289765CB0092C944 /* FristViewController.m in Sources */ = {isa = PBXBuildFile; fileRef = 2AE61BF2289765CB0092C944 /* FristViewController.m */; };
		2AE61BF8289766800092C944 /* mima.png in Resources */ = {isa = PBXBuildFile; fileRef = 2AE61BF7289766800092C944 /* mima.png */; };
		2AE61BFB28976F190092C944 /* addViewController.m in Sources */ = {isa = PBXBuildFile; fileRef = 2AE61BFA28976F190092C944 /* addViewController.m */; };
		2AE61C0928977FFA0092C944 /* yonghuming.png in Resources */ = {isa = PBXBuildFile; fileRef = 2AE61C0828977FF90092C944 /* yonghuming.png */; };
		2AE61C0C2897D59E0092C944 /* deleteViewController.m in Sources */ = {isa = PBXBuildFile; fileRef = 2AE61C0B2897D59E0092C944 /* deleteViewController.m */; };
		2AE61C0F2897F5E00092C944 /* ChangeViewController.m in Sources */ = {isa = PBXBuildFile; fileRef = 2AE61C0E2897F5E00092C944 /* ChangeViewController.m */; };
		2AE61C122897F8F10092C944 /* findViewController.m in Sources */ = {isa = PBXBuildFile; fileRef = 2AE61C112897F8F10092C944 /* findViewController.m */; };
		2AE61C152898319E0092C944 /* sortViewController.m in Sources */ = {isa = PBXBuildFile; fileRef = 2AE61C142898319E0092C944 /* sortViewController.m */; };
/* End PBXBuildFile section */

/* Begin PBXContainerItemProxy section */
		2AE61BC728975F3B0092C944 /* PBXContainerItemProxy */ = {
			isa = PBXContainerItemProxy;
			containerPortal = 2AE61BA328975F390092C944 /* Project object */;
			proxyType = 1;
			remoteGlobalIDString = 2AE61BAA28975F390092C944;
			remoteInfo = "iOS-学生管理系统";
		};
		2AE61BD128975F3B0092C944 /* PBXContainerItemProxy */ = {
			isa = PBXContainerItemProxy;
			containerPortal = 2AE61BA328975F390092C944 /* Project object */;
			proxyType = 1;
			remoteGlobalIDString = 2AE61BAA28975F390092C944;
			remoteInfo = "iOS-学生管理系统";
		};
/* End PBXContainerItemProxy section */

/* Begin PBXFileReference section */
		2A29C889289A1537000052B1 /* banji.png */ = {isa = PBXFileReference; lastKnownFileType = image.png; name = banji.png; path = "../../../../../暑期任务/学生管系统/banji.png"; sourceTree = "<group>"; };
		2A29C88A289A1537000052B1 /* chengji.png */ = {isa = PBXFileReference; lastKnownFileType = image.png; name = chengji.png; path = "../../../../../暑期任务/学生管系统/chengji.png"; sourceTree = "<group>"; };
		2AE61BAB28975F390092C944 /* iOS-学生管理系统.app */ = {isa = PBXFileReference; explicitFileType = wrapper.application; includeInIndex = 0; path = "iOS-学生管理系统.app"; sourceTree = BUILT_PRODUCTS_DIR; };
		2AE61BAE28975F390092C944 /* AppDelegate.h */ = {isa = PBXFileReference; lastKnownFileType = sourcecode.c.h; path = AppDelegate.h; sourceTree = "<group>"; };
		2AE61BAF28975F390092C944 /* AppDelegate.m */ = {isa = PBXFileReference; lastKnownFileType = sourcecode.c.objc; path = AppDelegate.m; sourceTree = "<group>"; };
		2AE61BB128975F390092C944 /* SceneDelegate.h */ = {isa = PBXFileReference; lastKnownFileType = sourcecode.c.h; path = SceneDelegate.h; sourceTree = "<group>"; };
		2AE61BB228975F390092C944 /* SceneDelegate.m */ = {isa = PBXFileReference; lastKnownFileType = sourcecode.c.objc; path = SceneDelegate.m; sourceTree = "<group>"; };
		2AE61BB428975F390092C944 /* ViewController.h */ = {isa = PBXFileReference; lastKnownFileType = sourcecode.c.h; path = ViewController.h; sourceTree = "<group>"; };
		2AE61BB528975F390092C944 /* ViewController.m */ = {isa = PBXFileReference; lastKnownFileType = sourcecode.c.objc; path = ViewController.m; sourceTree = "<group>"; };
		2AE61BB828975F390092C944 /* Base */ = {isa = PBXFileReference; lastKnownFileType = file.storyboard; name = Base; path = Base.lproj/Main.storyboard; sourceTree = "<group>"; };
		2AE61BBA28975F3B0092C944 /* Assets.xcassets */ = {isa = PBXFileReference; lastKnownFileType = folder.assetcatalog; path = Assets.xcassets; sourceTree = "<group>"; };
		2AE61BBD28975F3B0092C944 /* Base */ = {isa = PBXFileReference; lastKnownFileType = file.storyboard; name = Base; path = Base.lproj/LaunchScreen.storyboard; sourceTree = "<group>"; };
		2AE61BBF28975F3B0092C944 /* Info.plist */ = {isa = PBXFileReference; lastKnownFileType = text.plist.xml; path = Info.plist; sourceTree = "<group>"; };
		2AE61BC028975F3B0092C944 /* main.m */ = {isa = PBXFileReference; lastKnownFileType = sourcecode.c.objc; path = main.m; sourceTree = "<group>"; };
		2AE61BC628975F3B0092C944 /* iOS-学生管理系统Tests.xctest */ = {isa = PBXFileReference; explicitFileType = wrapper.cfbundle; includeInIndex = 0; path = "iOS-学生管理系统Tests.xctest"; sourceTree = BUILT_PRODUCTS_DIR; };
		2AE61BCA28975F3B0092C944 /* iOS_______Tests.m */ = {isa = PBXFileReference; lastKnownFileType = sourcecode.c.objc; path = "iOS_______Tests.m"; sourceTree = "<group>"; };
		2AE61BD028975F3B0092C944 /* iOS-学生管理系统UITests.xctest */ = {isa = PBXFileReference; explicitFileType = wrapper.cfbundle; includeInIndex = 0; path = "iOS-学生管理系统UITests.xctest"; sourceTree = BUILT_PRODUCTS_DIR; };
		2AE61BD428975F3B0092C944 /* iOS_______UITests.m */ = {isa = PBXFileReference; lastKnownFileType = sourcecode.c.objc; path = "iOS_______UITests.m"; sourceTree = "<group>"; };
		2AE61BD628975F3B0092C944 /* iOS_______UITestsLaunchTests.m */ = {isa = PBXFileReference; lastKnownFileType = sourcecode.c.objc; path = "iOS_______UITestsLaunchTests.m"; sourceTree = "<group>"; };
		2AE61BE5289760B40092C944 /* back1.jpeg */ = {isa = PBXFileReference; lastKnownFileType = image.jpeg; path = back1.jpeg; sourceTree = "<group>"; };
		2AE61BE6289760B40092C944 /* back2.jpeg */ = {isa = PBXFileReference; lastKnownFileType = image.jpeg; path = back2.jpeg; sourceTree = "<group>"; };
		2AE61BEA289761230092C944 /* LoadingViewController.h */ = {isa = PBXFileReference; lastKnownFileType = sourcecode.c.h; path = LoadingViewController.h; sourceTree = "<group>"; };
		2AE61BEB289761230092C944 /* LoadingViewController.m */ = {isa = PBXFileReference; lastKnownFileType = sourcecode.c.objc; path = LoadingViewController.m; sourceTree = "<group>"; };
		2AE61BED2897613E0092C944 /* RegisterViewController.h */ = {isa = PBXFileReference; lastKnownFileType = sourcecode.c.h; path = RegisterViewController.h; sourceTree = "<group>"; };
		2AE61BEE2897613E0092C944 /* RegisterViewController.m */ = {isa = PBXFileReference; lastKnownFileType = sourcecode.c.objc; path = RegisterViewController.m; sourceTree = "<group>"; };
		2AE61BF1289765CB0092C944 /* FristViewController.h */ = {isa = PBXFileReference; lastKnownFileType = sourcecode.c.h; path = FristViewController.h; sourceTree = "<group>"; };
		2AE61BF2289765CB0092C944 /* FristViewController.m */ = {isa = PBXFileReference; lastKnownFileType = sourcecode.c.objc; path = FristViewController.m; sourceTree = "<group>"; };
		2AE61BF7289766800092C944 /* mima.png */ = {isa = PBXFileReference; lastKnownFileType = image.png; path = mima.png; sourceTree = "<group>"; };
		2AE61BF928976F190092C944 /* addViewController.h */ = {isa = PBXFileReference; lastKnownFileType = sourcecode.c.h; path = addViewController.h; sourceTree = "<group>"; };
		2AE61BFA28976F190092C944 /* addViewController.m */ = {isa = PBXFileReference; lastKnownFileType = sourcecode.c.objc; path = addViewController.m; sourceTree = "<group>"; };
		2AE61C0828977FF90092C944 /* yonghuming.png */ = {isa = PBXFileReference; lastKnownFileType = image.png; name = yonghuming.png; path = "../../../../../素材/yonghuming.png"; sourceTree = "<group>"; };
		2AE61C0A2897D59E0092C944 /* deleteViewController.h */ = {isa = PBXFileReference; lastKnownFileType = sourcecode.c.h; path = deleteViewController.h; sourceTree = "<group>"; };
		2AE61C0B2897D59E0092C944 /* deleteViewController.m */ = {isa = PBXFileReference; lastKnownFileType = sourcecode.c.objc; path = deleteViewController.m; sourceTree = "<group>"; };
		2AE61C0D2897F5E00092C944 /* ChangeViewController.h */ = {isa = PBXFileReference; lastKnownFileType = sourcecode.c.h; path = ChangeViewController.h; sourceTree = "<group>"; };
		2AE61C0E2897F5E00092C944 /* ChangeViewController.m */ = {isa = PBXFileReference; lastKnownFileType = sourcecode.c.objc; path = ChangeViewController.m; sourceTree = "<group>"; };
		2AE61C102897F8F10092C944 /* findViewController.h */ = {isa = PBXFileReference; lastKnownFileType = sourcecode.c.h; path = findViewController.h; sourceTree = "<group>"; };
		2AE61C112897F8F10092C944 /* findViewController.m */ = {isa = PBXFileReference; lastKnownFileType = sourcecode.c.objc; path = findViewController.m; sourceTree = "<group>"; };
		2AE61C132898319E0092C944 /* sortViewController.h */ = {isa = PBXFileReference; lastKnownFileType = sourcecode.c.h; path = sortViewController.h; sourceTree = "<group>"; };
		2AE61C142898319E0092C944 /* sortViewController.m */ = {isa = PBXFileReference; lastKnownFileType = sourcecode.c.objc; path = sortViewController.m; sourceTree = "<group>"; };
/* End PBXFileReference section */

/* Begin PBXFrameworksBuildPhase section */
		2AE61BA828975F390092C944 /* Frameworks */ = {
			isa = PBXFrameworksBuildPhase;
			buildActionMask = 2147483647;
			files = (
			);
			runOnlyForDeploymentPostprocessing = 0;
		};
		2AE61BC328975F3B0092C944 /* Frameworks */ = {
			isa = PBXFrameworksBuildPhase;
			buildActionMask = 2147483647;
			files = (
			);
			runOnlyForDeploymentPostprocessing = 0;
		};
		2AE61BCD28975F3B0092C944 /* Frameworks */ = {
			isa = PBXFrameworksBuildPhase;
			buildActionMask = 2147483647;
			files = (
			);
			runOnlyForDeploymentPostprocessing = 0;
		};
/* End PBXFrameworksBuildPhase section */

/* Begin PBXGroup section */
		2AE61BA228975F390092C944 = {
			isa = PBXGroup;
			children = (
				2AE61BE32897605B0092C944 /* 图片 */,
				2AE61BAD28975F390092C944 /* iOS-学生管理系统 */,
				2AE61BC928975F3B0092C944 /* iOS-学生管理系统Tests */,
				2AE61BD328975F3B0092C944 /* iOS-学生管理系统UITests */,
				2AE61BAC28975F390092C944 /* Products */,
			);
			sourceTree = "<group>";
		};
		2AE61BAC28975F390092C944 /* Products */ = {
			isa = PBXGroup;
			children = (
				2AE61BAB28975F390092C944 /* iOS-学生管理系统.app */,
				2AE61BC628975F3B0092C944 /* iOS-学生管理系统Tests.xctest */,
				2AE61BD028975F3B0092C944 /* iOS-学生管理系统UITests.xctest */,
			);
			name = Products;
			sourceTree = "<group>";
		};
		2AE61BAD28975F390092C944 /* iOS-学生管理系统 */ = {
			isa = PBXGroup;
			children = (
				2AE61BAE28975F390092C944 /* AppDelegate.h */,
				2AE61BAF28975F390092C944 /* AppDelegate.m */,
				2AE61BB128975F390092C944 /* SceneDelegate.h */,
				2AE61BB228975F390092C944 /* SceneDelegate.m */,
				2AE61BE9289760F50092C944 /* 登陆注册界面 */,
				2AE61BB728975F390092C944 /* Main.storyboard */,
				2AE61BBA28975F3B0092C944 /* Assets.xcassets */,
				2AE61BBC28975F3B0092C944 /* LaunchScreen.storyboard */,
				2AE61BBF28975F3B0092C944 /* Info.plist */,
				2AE61BC028975F3B0092C944 /* main.m */,
			);
			path = "iOS-学生管理系统";
			sourceTree = "<group>";
		};
		2AE61BC928975F3B0092C944 /* iOS-学生管理系统Tests */ = {
			isa = PBXGroup;
			children = (
				2AE61BCA28975F3B0092C944 /* iOS_______Tests.m */,
			);
			path = "iOS-学生管理系统Tests";
			sourceTree = "<group>";
		};
		2AE61BD328975F3B0092C944 /* iOS-学生管理系统UITests */ = {
			isa = PBXGroup;
			children = (
				2AE61BD428975F3B0092C944 /* iOS_______UITests.m */,
				2AE61BD628975F3B0092C944 /* iOS_______UITestsLaunchTests.m */,
			);
			path = "iOS-学生管理系统UITests";
			sourceTree = "<group>";
		};
		2AE61BE32897605B0092C944 /* 图片 */ = {
			isa = PBXGroup;
			children = (
				2AE61BF4289766350092C944 /* 账号密码 */,
				2AE61BE4289760660092C944 /* 壁纸 */,
			);
			path = "图片";
			sourceTree = "<group>";
		};
		2AE61BE4289760660092C944 /* 壁纸 */ = {
			isa = PBXGroup;
			children = (
				2AE61BE5289760B40092C944 /* back1.jpeg */,
				2AE61BE6289760B40092C944 /* back2.jpeg */,
			);
			path = "壁纸";
			sourceTree = "<group>";
		};
		2AE61BE9289760F50092C944 /* 登陆注册界面 */ = {
			isa = PBXGroup;
			children = (
				2AE61BB428975F390092C944 /* ViewController.h */,
				2AE61BB528975F390092C944 /* ViewController.m */,
				2AE61BEA289761230092C944 /* LoadingViewController.h */,
				2AE61BEB289761230092C944 /* LoadingViewController.m */,
				2AE61BED2897613E0092C944 /* RegisterViewController.h */,
				2AE61BEE2897613E0092C944 /* RegisterViewController.m */,
				2AE61BF1289765CB0092C944 /* FristViewController.h */,
				2AE61BF2289765CB0092C944 /* FristViewController.m */,
				2AE61BF928976F190092C944 /* addViewController.h */,
				2AE61BFA28976F190092C944 /* addViewController.m */,
				2AE61C0A2897D59E0092C944 /* deleteViewController.h */,
				2AE61C0B2897D59E0092C944 /* deleteViewController.m */,
				2AE61C0D2897F5E00092C944 /* ChangeViewController.h */,
				2AE61C0E2897F5E00092C944 /* ChangeViewController.m */,
				2AE61C102897F8F10092C944 /* findViewController.h */,
				2AE61C112897F8F10092C944 /* findViewController.m */,
				2AE61C132898319E0092C944 /* sortViewController.h */,
				2AE61C142898319E0092C944 /* sortViewController.m */,
			);
			path = "登陆注册界面";
			sourceTree = "<group>";
		};
		2AE61BF4289766350092C944 /* 账号密码 */ = {
			isa = PBXGroup;
			children = (
				2AE61BF7289766800092C944 /* mima.png */,
				2AE61C0828977FF90092C944 /* yonghuming.png */,
				2A29C889289A1537000052B1 /* banji.png */,
				2A29C88A289A1537000052B1 /* chengji.png */,
			);
			path = "账号密码";
			sourceTree = "<group>";
		};
/* End PBXGroup section */

/* Begin PBXNativeTarget section */
		2AE61BAA28975F390092C944 /* iOS-学生管理系统 */ = {
			isa = PBXNativeTarget;
			buildConfigurationList = 2AE61BDA28975F3B0092C944 /* Build configuration list for PBXNativeTarget "iOS-学生管理系统" */;
			buildPhases = (
				2AE61BA728975F390092C944 /* Sources */,
				2AE61BA828975F390092C944 /* Frameworks */,
				2AE61BA928975F390092C944 /* Resources */,
			);
			buildRules = (
			);
			dependencies = (
			);
			name = "iOS-学生管理系统";
			productName = "iOS-学生管理系统";
			productReference = 2AE61BAB28975F390092C944 /* iOS-学生管理系统.app */;
			productType = "com.apple.product-type.application";
		};
		2AE61BC528975F3B0092C944 /* iOS-学生管理系统Tests */ = {
			isa = PBXNativeTarget;
			buildConfigurationList = 2AE61BDD28975F3B0092C944 /* Build configuration list for PBXNativeTarget "iOS-学生管理系统Tests" */;
			buildPhases = (
				2AE61BC228975F3B0092C944 /* Sources */,
				2AE61BC328975F3B0092C944 /* Frameworks */,
				2AE61BC428975F3B0092C944 /* Resources */,
			);
			buildRules = (
			);
			dependencies = (
				2AE61BC828975F3B0092C944 /* PBXTargetDependency */,
			);
			name = "iOS-学生管理系统Tests";
			productName = "iOS-学生管理系统Tests";
			productReference = 2AE61BC628975F3B0092C944 /* iOS-学生管理系统Tests.xctest */;
			productType = "com.apple.product-type.bundle.unit-test";
		};
		2AE61BCF28975F3B0092C944 /* iOS-学生管理系统UITests */ = {
			isa = PBXNativeTarget;
			buildConfigurationList = 2AE61BE028975F3B0092C944 /* Build configuration list for PBXNativeTarget "iOS-学生管理系统UITests" */;
			buildPhases = (
				2AE61BCC28975F3B0092C944 /* Sources */,
				2AE61BCD28975F3B0092C944 /* Frameworks */,
				2AE61BCE28975F3B0092C944 /* Resources */,
			);
			buildRules = (
			);
			dependencies = (
				2AE61BD228975F3B0092C944 /* PBXTargetDependency */,
			);
			name = "iOS-学生管理系统UITests";
			productName = "iOS-学生管理系统UITests";
			productReference = 2AE61BD028975F3B0092C944 /* iOS-学生管理系统UITests.xctest */;
			productType = "com.apple.product-type.bundle.ui-testing";
		};
/* End PBXNativeTarget section */

/* Begin PBXProject section */
		2AE61BA328975F390092C944 /* Project object */ = {
			isa = PBXProject;
			attributes = {
				BuildIndependentTargetsInParallel = 1;
				LastUpgradeCheck = 1340;
				TargetAttributes = {
					2AE61BAA28975F390092C944 = {
						CreatedOnToolsVersion = 13.4.1;
					};
					2AE61BC528975F3B0092C944 = {
						CreatedOnToolsVersion = 13.4.1;
						TestTargetID = 2AE61BAA28975F390092C944;
					};
					2AE61BCF28975F3B0092C944 = {
						CreatedOnToolsVersion = 13.4.1;
						TestTargetID = 2AE61BAA28975F390092C944;
					};
				};
			};
			buildConfigurationList = 2AE61BA628975F390092C944 /* Build configuration list for PBXProject "iOS-学生管理系统" */;
			compatibilityVersion = "Xcode 13.0";
			developmentRegion = en;
			hasScannedForEncodings = 0;
			knownRegions = (
				en,
				Base,
			);
			mainGroup = 2AE61BA228975F390092C944;
			productRefGroup = 2AE61BAC28975F390092C944 /* Products */;
			projectDirPath = "";
			projectRoot = "";
			targets = (
				2AE61BAA28975F390092C944 /* iOS-学生管理系统 */,
				2AE61BC528975F3B0092C944 /* iOS-学生管理系统Tests */,
				2AE61BCF28975F3B0092C944 /* iOS-学生管理系统UITests */,
			);
		};
/* End PBXProject section */

/* Begin PBXResourcesBuildPhase section */
		2AE61BA928975F390092C944 /* Resources */ = {
			isa = PBXResourcesBuildPhase;
			buildActionMask = 2147483647;
			files = (
				2AE61BE7289760B40092C944 /* back1.jpeg in Resources */,
				2AE61BBE28975F3B0092C944 /* LaunchScreen.storyboard in Resources */,
				2A29C88C289A1537000052B1 /* chengji.png in Resources */,
				2A29C88B289A1537000052B1 /* banji.png in Resources */,
				2AE61C0928977FFA0092C944 /* yonghuming.png in Resources */,
				2AE61BBB28975F3B0092C944 /* Assets.xcassets in Resources */,
				2AE61BF8289766800092C944 /* mima.png in Resources */,
				2AE61BB928975F390092C944 /* Main.storyboard in Resources */,
				2AE61BE8289760B40092C944 /* back2.jpeg in Resources */,
			);
			runOnlyForDeploymentPostprocessing = 0;
		};
		2AE61BC428975F3B0092C944 /* Resources */ = {
			isa = PBXResourcesBuildPhase;
			buildActionMask = 2147483647;
			files = (
			);
			runOnlyForDeploymentPostprocessing = 0;
		};
		2AE61BCE28975F3B0092C944 /* Resources */ = {
			isa = PBXResourcesBuildPhase;
			buildActionMask = 2147483647;
			files = (
			);
			runOnlyForDeploymentPostprocessing = 0;
		};
/* End PBXResourcesBuildPhase section */

/* Begin PBXSourcesBuildPhase section */
		2AE61BA728975F390092C944 /* Sources */ = {
			isa = PBXSourcesBuildPhase;
			buildActionMask = 2147483647;
			files = (
				2AE61C0F2897F5E00092C944 /* ChangeViewController.m in Sources */,
				2AE61C0C2897D59E0092C944 /* deleteViewController.m in Sources */,
				2AE61BF3289765CB0092C944 /* FristViewController.m in Sources */,
				2AE61BB628975F390092C944 /* ViewController.m in Sources */,
				2AE61BEF2897613E0092C944 /* RegisterViewController.m in Sources */,
				2AE61BB028975F390092C944 /* AppDelegate.m in Sources */,
				2AE61C152898319E0092C944 /* sortViewController.m in Sources */,
				2AE61BEC289761230092C944 /* LoadingViewController.m in Sources */,
				2AE61BC128975F3B0092C944 /* main.m in Sources */,
				2AE61C122897F8F10092C944 /* findViewController.m in Sources */,
				2AE61BFB28976F190092C944 /* addViewController.m in Sources */,
				2AE61BB328975F390092C944 /* SceneDelegate.m in Sources */,
			);
			runOnlyForDeploymentPostprocessing = 0;
		};
		2AE61BC228975F3B0092C944 /* Sources */ = {
			isa = PBXSourcesBuildPhase;
			buildActionMask = 2147483647;
			files = (
				2AE61BCB28975F3B0092C944 /* iOS_______Tests.m in Sources */,
			);
			runOnlyForDeploymentPostprocessing = 0;
		};
		2AE61BCC28975F3B0092C944 /* Sources */ = {
			isa = PBXSourcesBuildPhase;
			buildActionMask = 2147483647;
			files = (
				2AE61BD728975F3B0092C944 /* iOS_______UITestsLaunchTests.m in Sources */,
				2AE61BD528975F3B0092C944 /* iOS_______UITests.m in Sources */,
			);
			runOnlyForDeploymentPostprocessing = 0;
		};
/* End PBXSourcesBuildPhase section */

/* Begin PBXTargetDependency section */
		2AE61BC828975F3B0092C944 /* PBXTargetDependency */ = {
			isa = PBXTargetDependency;
			target = 2AE61BAA28975F390092C944 /* iOS-学生管理系统 */;
			targetProxy = 2AE61BC728975F3B0092C944 /* PBXContainerItemProxy */;
		};
		2AE61BD228975F3B0092C944 /* PBXTargetDependency */ = {
			isa = PBXTargetDependency;
			target = 2AE61BAA28975F390092C944 /* iOS-学生管理系统 */;
			targetProxy = 2AE61BD128975F3B0092C944 /* PBXContainerItemProxy */;
		};
/* End PBXTargetDependency section */

/* Begin PBXVariantGroup section */
		2AE61BB728975F390092C944 /* Main.storyboard */ = {
			isa = PBXVariantGroup;
			children = (
				2AE61BB828975F390092C944 /* Base */,
			);
			name = Main.storyboard;
			sourceTree = "<group>";
		};
		2AE61BBC28975F3B0092C944 /* LaunchScreen.storyboard */ = {
			isa = PBXVariantGroup;
			children = (
				2AE61BBD28975F3B0092C944 /* Base */,
			);
			name = LaunchScreen.storyboard;
			sourceTree = "<group>";
		};
/* End PBXVariantGroup section */

/* Begin XCBuildConfiguration section */
		2AE61BD828975F3B0092C944 /* Debug */ = {
			isa = XCBuildConfiguration;
			buildSettings = {
				ALWAYS_SEARCH_USER_PATHS = NO;
				CLANG_ANALYZER_NONNULL = YES;
				CLANG_ANALYZER_NUMBER_OBJECT_CONVERSION = YES_AGGRESSIVE;
				CLANG_CXX_LANGUAGE_STANDARD = "gnu++17";
				CLANG_ENABLE_MODULES = YES;
				CLANG_ENABLE_OBJC_ARC = YES;
				CLANG_ENABLE_OBJC_WEAK = YES;
				CLANG_WARN_BLOCK_CAPTURE_AUTORELEASING = YES;
				CLANG_WARN_BOOL_CONVERSION = YES;
				CLANG_WARN_COMMA = YES;
				CLANG_WARN_CONSTANT_CONVERSION = YES;
				CLANG_WARN_DEPRECATED_OBJC_IMPLEMENTATIONS = YES;
				CLANG_WARN_DIRECT_OBJC_ISA_USAGE = YES_ERROR;
				CLANG_WARN_DOCUMENTATION_COMMENTS = YES;
				CLANG_WARN_EMPTY_BODY = YES;
				CLANG_WARN_ENUM_CONVERSION = YES;
				CLANG_WARN_INFINITE_RECURSION = YES;
				CLANG_WARN_INT_CONVERSION = YES;
				CLANG_WARN_NON_LITERAL_NULL_CONVERSION = YES;
				CLANG_WARN_OBJC_IMPLICIT_RETAIN_SELF = YES;
				CLANG_WARN_OBJC_LITERAL_CONVERSION = YES;
				CLANG_WARN_OBJC_ROOT_CLASS = YES_ERROR;
				CLANG_WARN_QUOTED_INCLUDE_IN_FRAMEWORK_HEADER = YES;
				CLANG_WARN_RANGE_LOOP_ANALYSIS = YES;
				CLANG_WARN_STRICT_PROTOTYPES = YES;
				CLANG_WARN_SUSPICIOUS_MOVE = YES;
				CLANG_WARN_UNGUARDED_AVAILABILITY = YES_AGGRESSIVE;
				CLANG_WARN_UNREACHABLE_CODE = YES;
				CLANG_WARN__DUPLICATE_METHOD_MATCH = YES;
				COPY_PHASE_STRIP = NO;
				DEBUG_INFORMATION_FORMAT = dwarf;
				ENABLE_STRICT_OBJC_MSGSEND = YES;
				ENABLE_TESTABILITY = YES;
				GCC_C_LANGUAGE_STANDARD = gnu11;
				GCC_DYNAMIC_NO_PIC = NO;
				GCC_NO_COMMON_BLOCKS = YES;
				GCC_OPTIMIZATION_LEVEL = 0;
				GCC_PREPROCESSOR_DEFINITIONS = (
					"DEBUG=1",
					"$(inherited)",
				);
				GCC_WARN_64_TO_32_BIT_CONVERSION = YES;
				GCC_WARN_ABOUT_RETURN_TYPE = YES_ERROR;
				GCC_WARN_UNDECLARED_SELECTOR = YES;
				GCC_WARN_UNINITIALIZED_AUTOS = YES_AGGRESSIVE;
				GCC_WARN_UNUSED_FUNCTION = YES;
				GCC_WARN_UNUSED_VARIABLE = YES;
				IPHONEOS_DEPLOYMENT_TARGET = 14.7;
				MTL_ENABLE_DEBUG_INFO = INCLUDE_SOURCE;
				MTL_FAST_MATH = YES;
				ONLY_ACTIVE_ARCH = YES;
				SDKROOT = iphoneos;
			};
			name = Debug;
		};
		2AE61BD928975F3B0092C944 /* Release */ = {
			isa = XCBuildConfiguration;
			buildSettings = {
				ALWAYS_SEARCH_USER_PATHS = NO;
				CLANG_ANALYZER_NONNULL = YES;
				CLANG_ANALYZER_NUMBER_OBJECT_CONVERSION = YES_AGGRESSIVE;
				CLANG_CXX_LANGUAGE_STANDARD = "gnu++17";
				CLANG_ENABLE_MODULES = YES;
				CLANG_ENABLE_OBJC_ARC = YES;
				CLANG_ENABLE_OBJC_WEAK = YES;
				CLANG_WARN_BLOCK_CAPTURE_AUTORELEASING = YES;
				CLANG_WARN_BOOL_CONVERSION = YES;
				CLANG_WARN_COMMA = YES;
				CLANG_WARN_CONSTANT_CONVERSION = YES;
				CLANG_WARN_DEPRECATED_OBJC_IMPLEMENTATIONS = YES;
				CLANG_WARN_DIRECT_OBJC_ISA_USAGE = YES_ERROR;
				CLANG_WARN_DOCUMENTATION_COMMENTS = YES;
				CLANG_WARN_EMPTY_BODY = YES;
				CLANG_WARN_ENUM_CONVERSION = YES;
				CLANG_WARN_INFINITE_RECURSION = YES;
				CLANG_WARN_INT_CONVERSION = YES;
				CLANG_WARN_NON_LITERAL_NULL_CONVERSION = YES;
				CLANG_WARN_OBJC_IMPLICIT_RETAIN_SELF = YES;
				CLANG_WARN_OBJC_LITERAL_CONVERSION = YES;
				CLANG_WARN_OBJC_ROOT_CLASS = YES_ERROR;
				CLANG_WARN_QUOTED_INCLUDE_IN_FRAMEWORK_HEADER = YES;
				CLANG_WARN_RANGE_LOOP_ANALYSIS = YES;
				CLANG_WARN_STRICT_PROTOTYPES = YES;
				CLANG_WARN_SUSPICIOUS_MOVE = YES;
				CLANG_WARN_UNGUARDED_AVAILABILITY = YES_AGGRESSIVE;
				CLANG_WARN_UNREACHABLE_CODE = YES;
				CLANG_WARN__DUPLICATE_METHOD_MATCH = YES;
				COPY_PHASE_STRIP = NO;
				DEBUG_INFORMATION_FORMAT = "dwarf-with-dsym";
				ENABLE_NS_ASSERTIONS = NO;
				ENABLE_STRICT_OBJC_MSGSEND = YES;
				GCC_C_LANGUAGE_STANDARD = gnu11;
				GCC_NO_COMMON_BLOCKS = YES;
				GCC_WARN_64_TO_32_BIT_CONVERSION = YES;
				GCC_WARN_ABOUT_RETURN_TYPE = YES_ERROR;
				GCC_WARN_UNDECLARED_SELECTOR = YES;
				GCC_WARN_UNINITIALIZED_AUTOS = YES_AGGRESSIVE;
				GCC_WARN_UNUSED_FUNCTION = YES;
				GCC_WARN_UNUSED_VARIABLE = YES;
				IPHONEOS_DEPLOYMENT_TARGET = 14.7;
				MTL_ENABLE_DEBUG_INFO = NO;
				MTL_FAST_MATH = YES;
				SDKROOT = iphoneos;
				VALIDATE_PRODUCT = YES;
			};
			name = Release;
		};
		2AE61BDB28975F3B0092C944 /* Debug */ = {
			isa = XCBuildConfiguration;
			buildSettings = {
				ASSETCATALOG_COMPILER_APPICON_NAME = AppIcon;
				ASSETCATALOG_COMPILER_GLOBAL_ACCENT_COLOR_NAME = AccentColor;
				CODE_SIGN_STYLE = Automatic;
				CURRENT_PROJECT_VERSION = 1;
				GENERATE_INFOPLIST_FILE = YES;
				INFOPLIST_FILE = "iOS-学生管理系统/Info.plist";
				INFOPLIST_KEY_UIApplicationSupportsIndirectInputEvents = YES;
				INFOPLIST_KEY_UILaunchStoryboardName = LaunchScreen;
				INFOPLIST_KEY_UIMainStoryboardFile = Main;
				INFOPLIST_KEY_UISupportedInterfaceOrientations_iPad = "UIInterfaceOrientationPortrait UIInterfaceOrientationPortraitUpsideDown UIInterfaceOrientationLandscapeLeft UIInterfaceOrientationLandscapeRight";
				INFOPLIST_KEY_UISupportedInterfaceOrientations_iPhone = "UIInterfaceOrientationPortrait UIInterfaceOrientationLandscapeLeft UIInterfaceOrientationLandscapeRight";
				LD_RUNPATH_SEARCH_PATHS = (
					"$(inherited)",
					"@executable_path/Frameworks",
				);
				MARKETING_VERSION = 1.0;
				PRODUCT_BUNDLE_IDENTIFIER = "-11111.iOS-------";
				PRODUCT_NAME = "$(TARGET_NAME)";
				SWIFT_EMIT_LOC_STRINGS = YES;
				TARGETED_DEVICE_FAMILY = "1,2";
			};
			name = Debug;
		};
		2AE61BDC28975F3B0092C944 /* Release */ = {
			isa = XCBuildConfiguration;
			buildSettings = {
				ASSETCATALOG_COMPILER_APPICON_NAME = AppIcon;
				ASSETCATALOG_COMPILER_GLOBAL_ACCENT_COLOR_NAME = AccentColor;
				CODE_SIGN_STYLE = Automatic;
				CURRENT_PROJECT_VERSION = 1;
				GENERATE_INFOPLIST_FILE = YES;
				INFOPLIST_FILE = "iOS-学生管理系统/Info.plist";
				INFOPLIST_KEY_UIApplicationSupportsIndirectInputEvents = YES;
				INFOPLIST_KEY_UILaunchStoryboardName = LaunchScreen;
				INFOPLIST_KEY_UIMainStoryboardFile = Main;
				INFOPLIST_KEY_UISupportedInterfaceOrientations_iPad = "UIInterfaceOrientationPortrait UIInterfaceOrientationPortraitUpsideDown UIInterfaceOrientationLandscapeLeft UIInterfaceOrientationLandscapeRight";
				INFOPLIST_KEY_UISupportedInterfaceOrientations_iPhone = "UIInterfaceOrientationPortrait UIInterfaceOrientationLandscapeLeft UIInterfaceOrientationLandscapeRight";
				LD_RUNPATH_SEARCH_PATHS = (
					"$(inherited)",
					"@executable_path/Frameworks",
				);
				MARKETING_VERSION = 1.0;
				PRODUCT_BUNDLE_IDENTIFIER = "-11111.iOS-------";
				PRODUCT_NAME = "$(TARGET_NAME)";
				SWIFT_EMIT_LOC_STRINGS = YES;
				TARGETED_DEVICE_FAMILY = "1,2";
			};
			name = Release;
		};
		2AE61BDE28975F3B0092C944 /* Debug */ = {
			isa = XCBuildConfiguration;
			buildSettings = {
				BUNDLE_LOADER = "$(TEST_HOST)";
				CODE_SIGN_STYLE = Automatic;
				CURRENT_PROJECT_VERSION = 1;
				GENERATE_INFOPLIST_FILE = YES;
				IPHONEOS_DEPLOYMENT_TARGET = 15.5;
				MARKETING_VERSION = 1.0;
				PRODUCT_BUNDLE_IDENTIFIER = "-11111.iOS-------Tests";
				PRODUCT_NAME = "$(TARGET_NAME)";
				SWIFT_EMIT_LOC_STRINGS = NO;
				TARGETED_DEVICE_FAMILY = "1,2";
				TEST_HOST = "$(BUILT_PRODUCTS_DIR)/iOS-学生管理系统.app/iOS-学生管理系统";
			};
			name = Debug;
		};
		2AE61BDF28975F3B0092C944 /* Release */ = {
			isa = XCBuildConfiguration;
			buildSettings = {
				BUNDLE_LOADER = "$(TEST_HOST)";
				CODE_SIGN_STYLE = Automatic;
				CURRENT_PROJECT_VERSION = 1;
				GENERATE_INFOPLIST_FILE = YES;
				IPHONEOS_DEPLOYMENT_TARGET = 15.5;
				MARKETING_VERSION = 1.0;
				PRODUCT_BUNDLE_IDENTIFIER = "-11111.iOS-------Tests";
				PRODUCT_NAME = "$(TARGET_NAME)";
				SWIFT_EMIT_LOC_STRINGS = NO;
				TARGETED_DEVICE_FAMILY = "1,2";
				TEST_HOST = "$(BUILT_PRODUCTS_DIR)/iOS-学生管理系统.app/iOS-学生管理系统";
			};
			name = Release;
		};
		2AE61BE128975F3B0092C944 /* Debug */ = {
			isa = XCBuildConfiguration;
			buildSettings = {
				CODE_SIGN_STYLE = Automatic;
				CURRENT_PROJECT_VERSION = 1;
				GENERATE_INFOPLIST_FILE = YES;
				MARKETING_VERSION = 1.0;
				PRODUCT_BUNDLE_IDENTIFIER = "-11111.iOS-------UITests";
				PRODUCT_NAME = "$(TARGET_NAME)";
				SWIFT_EMIT_LOC_STRINGS = NO;
				TARGETED_DEVICE_FAMILY = "1,2";
				TEST_TARGET_NAME = "iOS-学生管理系统";
			};
			name = Debug;
		};
		2AE61BE228975F3B0092C944 /* Release */ = {
			isa = XCBuildConfiguration;
			buildSettings = {
				CODE_SIGN_STYLE = Automatic;
				CURRENT_PROJECT_VERSION = 1;
				GENERATE_INFOPLIST_FILE = YES;
				MARKETING_VERSION = 1.0;
				PRODUCT_BUNDLE_IDENTIFIER = "-11111.iOS-------UITests";
				PRODUCT_NAME = "$(TARGET_NAME)";
				SWIFT_EMIT_LOC_STRINGS = NO;
				TARGETED_DEVICE_FAMILY = "1,2";
				TEST_TARGET_NAME = "iOS-学生管理系统";
			};
			name = Release;
		};
/* End XCBuildConfiguration section */

/* Begin XCConfigurationList section */
		2AE61BA628975F390092C944 /* Build configuration list for PBXProject "iOS-学生管理系统" */ = {
			isa = XCConfigurationList;
			buildConfigurations = (
				2AE61BD828975F3B0092C944 /* Debug */,
				2AE61BD928975F3B0092C944 /* Release */,
			);
			defaultConfigurationIsVisible = 0;
			defaultConfigurationName = Release;
		};
		2AE61BDA28975F3B0092C944 /* Build configuration list for PBXNativeTarget "iOS-学生管理系统" */ = {
			isa = XCConfigurationList;
			buildConfigurations = (
				2AE61BDB28975F3B0092C944 /* Debug */,
				2AE61BDC28975F3B0092C944 /* Release */,
			);
			defaultConfigurationIsVisible = 0;
			defaultConfigurationName = Release;
		};
		2AE61BDD28975F3B0092C944 /* Build configuration list for PBXNativeTarget "iOS-学生管理系统Tests" */ = {
			isa = XCConfigurationList;
			buildConfigurations = (
				2AE61BDE28975F3B0092C944 /* Debug */,
				2AE61BDF28975F3B0092C944 /* Release */,
			);
			defaultConfigurationIsVisible = 0;
			defaultConfigurationName = Release;
		};
		2AE61BE028975F3B0092C944 /* Build configuration list for PBXNativeTarget "iOS-学生管理系统UITests" */ = {
			isa = XCConfigurationList;
			buildConfigurations = (
				2AE61BE128975F3B0092C944 /* Debug */,
				2AE61BE228975F3B0092C944 /* Release */,
			);
			defaultConfigurationIsVisible = 0;
			defaultConfigurationName = Release;
		};
/* End XCConfigurationList section */
	};
	rootObject = 2AE61BA328975F390092C944 /* Project object */;
}
